
Microsoft Visual Studio Solution File, Format Version 12.00
# Visual Studio Version 16
VisualStudioVersion = 16.0.29613.14
MinimumVisualStudioVersion = 10.0.40219.1
Project("{FAE04EC0-301F-11D3-BF4B-00C04F79EFBC}") = "XamarinForms4Feature.Android", "XamarinForms4Feature\XamarinForms4Feature.Android\XamarinForms4Feature.Android.csproj", "{EC147D93-CD9A-47B5-BD75-B76DDEBA632B}"
EndProject
Project("{FAE04EC0-301F-11D3-BF4B-00C04F79EFBC}") = "XamarinForms4Feature.iOS", "XamarinForms4Feature\XamarinForms4Feature.iOS\XamarinForms4Feature.iOS.csproj", "{46022048-E939-413E-8CE8-71C0FB67E142}"
EndProject
Project("{FAE04EC0-301F-11D3-BF4B-00C04F79EFBC}") = "XamarinForms4Feature", "XamarinForms4Feature\XamarinForms4Feature\XamarinForms4Feature.csproj", "{DEB8798F-8BE2-43FC-BC4F-A87781BFA9A8}"
EndProject
Global
	GlobalSection(SolutionConfigurationPlatforms) = preSolution
		Debug|Any CPU = Debug|Any CPU
		Debug|iPhone = Debug|iPhone
		Debug|iPhoneSimulator = Debug|iPhoneSimulator
		Release|Any CPU = Release|Any CPU
		Release|iPhone = Release|iPhone
		Release|iPhoneSimulator = Release|iPhoneSimulator
	EndGlobalSection
	GlobalSection(ProjectConfigurationPlatforms) = postSolution
		{EC147D93-CD9A-47B5-BD75-B76DDEBA632B}.Debug|Any CPU.ActiveCfg = Debug|Any CPU
		{EC147D93-CD9A-47B5-BD75-B76DDEBA632B}.Debug|Any CPU.Build.0 = Debug|Any CPU
		{EC147D93-CD9A-47B5-BD75-B76DDEBA632B}.Debug|Any CPU.Deploy.0 = Debug|Any CPU
		{EC147D93-CD9A-47B5-BD75-B76DDEBA632B}.Debug|iPhone.ActiveCfg = Debug|Any CPU
		{EC147D93-CD9A-47B5-BD75-B76DDEBA632B}.Debug|iPhone.Build.0 = Debug|Any CPU
		{EC147D93-CD9A-47B5-BD75-B76DDEBA632B}.Debug|iPhone.Deploy.0 = Debug|Any CPU
		{EC147D93-CD9A-47B5-BD75-B76DDEBA632B}.Debug|iPhoneSimulator.ActiveCfg = Debug|Any CPU
		{EC147D93-CD9A-47B5-BD75-B76DDEBA632B}.Debug|iPhoneSimulator.Build.0 = Debug|Any CPU
		{EC147D93-CD9A-47B5-BD75-B76DDEBA632B}.Debug|iPhoneSimulator.Deploy.0 = Debug|Any CPU
		{EC147D93-CD9A-47B5-BD75-B76DDEBA632B}.Release|Any CPU.ActiveCfg = Release|Any CPU
		{EC147D93-CD9A-47B5-BD75-B76DDEBA632B}.Release|Any CPU.Build.0 = Release|Any CPU
		{EC147D93-CD9A-47B5-BD75-B76DDEBA632B}.Release|Any CPU.Deploy.0 = Release|Any CPU
		{EC147D93-CD9A-47B5-BD75-B76DDEBA632B}.Release|iPhone.ActiveCfg = Release|Any CPU
		{EC147D93-CD9A-47B5-BD75-B76DDEBA632B}.Release|iPhone.Build.0 = Release|Any CPU
		{EC147D93-CD9A-47B5-BD75-B76DDEBA632B}.Release|iPhone.Deploy.0 = Release|Any CPU
		{EC147D93-CD9A-47B5-BD75-B76DDEBA632B}.Release|iPhoneSimulator.ActiveCfg = Release|Any CPU
		{EC147D93-CD9A-47B5-BD75-B76DDEBA632B}.Release|iPhoneSimulator.Build.0 = Release|Any CPU
		{EC147D93-CD9A-47B5-BD75-B76DDEBA632B}.Release|iPhoneSimulator.Deploy.0 = Release|Any CPU
		{46022048-E939-413E-8CE8-71C0FB67E142}.Debug|Any CPU.ActiveCfg = Debug|iPhoneSimulator
		{46022048-E939-413E-8CE8-71C0FB67E142}.Debug|Any CPU.Build.0 = Debug|iPhoneSimulator
		{46022048-E939-413E-8CE8-71C0FB67E142}.Debug|Any CPU.Deploy.0 = Debug|iPhoneSimulator
		{46022048-E939-413E-8CE8-71C0FB67E142}.Debug|iPhone.ActiveCfg = Debug|iPhone
		{46022048-E939-413E-8CE8-71C0FB67E142}.Debug|iPhone.Build.0 = Debug|iPhone
		{46022048-E939-413E-8CE8-71C0FB67E142}.Debug|iPhone.Deploy.0 = Debug|iPhone
		{46022048-E939-413E-8CE8-71C0FB67E142}.Debug|iPhoneSimulator.ActiveCfg = Debug|iPhoneSimulator
		{46022048-E939-413E-8CE8-71C0FB67E142}.Debug|iPhoneSimulator.Build.0 = Debug|iPhoneSimulator
		{46022048-E939-413E-8CE8-71C0FB67E142}.Debug|iPhoneSimulator.Deploy.0 = Debug|iPhoneSimulator
		{46022048-E939-413E-8CE8-71C0FB67E142}.Release|Any CPU.ActiveCfg = Release|iPhone
		{46022048-E939-413E-8CE8-71C0FB67E142}.Release|Any CPU.Build.0 = Release|iPhone
		{46022048-E939-413E-8CE8-71C0FB67E142}.Release|Any CPU.Deploy.0 = Release|iPhone
		{46022048-E939-413E-8CE8-71C0FB67E142}.Release|iPhone.ActiveCfg = Release|iPhone
		{46022048-E939-413E-8CE8-71C0FB67E142}.Release|iPhone.Build.0 = Release|iPhone
		{46022048-E939-413E-8CE8-71C0FB67E142}.Release|iPhone.Deploy.0 = Release|iPhone
		{46022048-E939-413E-8CE8-71C0FB67E142}.Release|iPhoneSimulator.ActiveCfg = Release|iPhoneSimulator
		{46022048-E939-413E-8CE8-71C0FB67E142}.Release|iPhoneSimulator.Build.0 = Release|iPhoneSimulator
		{46022048-E939-413E-8CE8-71C0FB67E142}.Release|iPhoneSimulator.Deploy.0 = Release|iPhoneSimulator
		{DEB8798F-8BE2-43FC-BC4F-A87781BFA9A8}.Debug|Any CPU.ActiveCfg = Debug|Any CPU
		{DEB8798F-8BE2-43FC-BC4F-A87781BFA9A8}.Debug|Any CPU.Build.0 = Debug|Any CPU
		{DEB8798F-8BE2-43FC-BC4F-A87781BFA9A8}.Debug|Any CPU.Deploy.0 = Debug|Any CPU
		{DEB8798F-8BE2-43FC-BC4F-A87781BFA9A8}.Debug|iPhone.ActiveCfg = Debug|Any CPU
		{DEB8798F-8BE2-43FC-BC4F-A87781BFA9A8}.Debug|iPhone.Build.0 = Debug|Any CPU
		{DEB8798F-8BE2-43FC-BC4F-A87781BFA9A8}.Debug|iPhone.Deploy.0 = Debug|Any CPU
		{DEB8798F-8BE2-43FC-BC4F-A87781BFA9A8}.Debug|iPhoneSimulator.ActiveCfg = Debug|Any CPU
		{DEB8798F-8BE2-43FC-BC4F-A87781BFA9A8}.Debug|iPhoneSimulator.Build.0 = Debug|Any CPU
		{DEB8798F-8BE2-43FC-BC4F-A87781BFA9A8}.Debug|iPhoneSimulator.Deploy.0 = Debug|Any CPU
		{DEB8798F-8BE2-43FC-BC4F-A87781BFA9A8}.Release|Any CPU.ActiveCfg = Release|Any CPU
		{DEB8798F-8BE2-43FC-BC4F-A87781BFA9A8}.Release|Any CPU.Build.0 = Release|Any CPU
		{DEB8798F-8BE2-43FC-BC4F-A87781BFA9A8}.Release|Any CPU.Deploy.0 = Release|Any CPU
		{DEB8798F-8BE2-43FC-BC4F-A87781BFA9A8}.Release|iPhone.ActiveCfg = Release|Any CPU
		{DEB8798F-8BE2-43FC-BC4F-A87781BFA9A8}.Release|iPhone.Build.0 = Release|Any CPU
		{DEB8798F-8BE2-43FC-BC4F-A87781BFA9A8}.Release|iPhone.Deploy.0 = Release|Any CPU
		{DEB8798F-8BE2-43FC-BC4F-A87781BFA9A8}.Release|iPhoneSimulator.ActiveCfg = Release|Any CPU
		{DEB8798F-8BE2-43FC-BC4F-A87781BFA9A8}.Release|iPhoneSimulator.Build.0 = Release|Any CPU
		{DEB8798F-8BE2-43FC-BC4F-A87781BFA9A8}.Release|iPhoneSimulator.Deploy.0 = Release|Any CPU
	EndGlobalSection
	GlobalSection(SolutionProperties) = preSolution
		HideSolutionNode = FALSE
	EndGlobalSection
	GlobalSection(ExtensibilityGlobals) = postSolution
		SolutionGuid = {F1E49E3A-0504-4AF9-8445-CE637C992655}
	EndGlobalSection
EndGlobal
